// !$*UTF8*$!
{
	archiveVersion = 1;
	classes = {
	};
	objectVersion = 46;
	objects = {

/* Begin PBXBuildFile section */
		A2E0CACD1C878E8E001E4042 /* AppDelegate.swift in Sources */ = {isa = PBXBuildFile; fileRef = A2E0CACC1C878E8E001E4042 /* AppDelegate.swift */; };
		A2E0CACF1C878E8E001E4042 /* ViewController.swift in Sources */ = {isa = PBXBuildFile; fileRef = A2E0CACE1C878E8E001E4042 /* ViewController.swift */; };
		A2E0CAD21C878E8E001E4042 /* Main.storyboard in Resources */ = {isa = PBXBuildFile; fileRef = A2E0CAD01C878E8E001E4042 /* Main.storyboard */; };
		A2E0CAD41C878E8E001E4042 /* Assets.xcassets in Resources */ = {isa = PBXBuildFile; fileRef = A2E0CAD31C878E8E001E4042 /* Assets.xcassets */; };
		A2E0CAD71C878E8E001E4042 /* LaunchScreen.storyboard in Resources */ = {isa = PBXBuildFile; fileRef = A2E0CAD51C878E8E001E4042 /* LaunchScreen.storyboard */; };
/* End PBXBuildFile section */

/* Begin PBXFileReference section */
		A2E0CAC91C878E8D001E4042 /* Git.app */ = {isa = PBXFileReference; explicitFileType = wrapper.application; includeInIndex = 0; path = Git.app; sourceTree = BUILT_PRODUCTS_DIR; };
		A2E0CACC1C878E8E001E4042 /* AppDelegate.swift */ = {isa = PBXFileReference; lastKnownFileType = sourcecode.swift; path = AppDelegate.swift; sourceTree = "<group>"; };
		A2E0CACE1C878E8E001E4042 /* ViewController.swift */ = {isa = PBXFileReference; lastKnownFileType = sourcecode.swift; path = ViewController.swift; sourceTree = "<group>"; };
		A2E0CAD11C878E8E001E4042 /* Base */ = {isa = PBXFileReference; lastKnownFileType = file.storyboard; name = Base; path = Base.lproj/Main.storyboard; sourceTree = "<group>"; };
		A2E0CAD31C878E8E001E4042 /* Assets.xcassets */ = {isa = PBXFileReference; lastKnownFileType = folder.assetcatalog; path = Assets.xcassets; sourceTree = "<group>"; };
		A2E0CAD61C878E8E001E4042 /* Base */ = {isa = PBXFileReference; lastKnownFileType = file.storyboard; name = Base; path = Base.lproj/LaunchScreen.storyboard; sourceTree = "<group>"; };
		A2E0CAD81C878E8E001E4042 /* Info.plist */ = {isa = PBXFileReference; lastKnownFileType = text.plist.xml; path = Info.plist; sourceTree = "<group>"; };
/* End PBXFileReference section */

/* Begin PBXFrameworksBuildPhase section */
		A2E0CAC61C878E8D001E4042 /* Frameworks */ = {
			isa = PBXFrameworksBuildPhase;
			buildActionMask = 2147483647;
			files = (
			);
			runOnlyForDeploymentPostprocessing = 0;
		};
/* End PBXFrameworksBuildPhase section */

/* Begin PBXGroup section */
		A2E0CAC01C878E8D001E4042 = {
			isa = PBXGroup;
			children = (
				A2E0CACB1C878E8E001E4042 /* Git */,
				A2E0CACA1C878E8D001E4042 /* Products */,
			);
			sourceTree = "<group>";
		};
		A2E0CACA1C878E8D001E4042 /* Products */ = {
			isa = PBXGroup;
			children = (
				A2E0CAC91C878E8D001E4042 /* Git.app */,
			);
			name = Products;
			sourceTree = "<group>";
		};
		A2E0CACB1C878E8E001E4042 /* Git */ = {
			isa = PBXGroup;
			children = (
				A2E0CACC1C878E8E001E4042 /* AppDelegate.swift */,
				A2E0CACE1C878E8E001E4042 /* ViewController.swift */,
				A2E0CAD01C878E8E001E4042 /* Main.storyboard */,
				A2E0CAD31C878E8E001E4042 /* Assets.xcassets */,
				A2E0CAD51C878E8E001E4042 /* LaunchScreen.storyboard */,
				A2E0CAD81C878E8E001E4042 /* Info.plist */,
			);
			path = Git;
			sourceTree = "<group>";
		};
/* End PBXGroup section */

/* Begin PBXNativeTarget section */
		A2E0CAC81C878E8D001E4042 /* Git */ = {
			isa = PBXNativeTarget;
			buildConfigurationList = A2E0CADB1C878E8E001E4042 /* Build configuration list for PBXNativeTarget "Git" */;
			buildPhases = (
				A2E0CAC51C878E8D001E4042 /* Sources */,
				A2E0CAC61C878E8D001E4042 /* Frameworks */,
				A2E0CAC71C878E8D001E4042 /* Resources */,
			);
			buildRules = (
			);
			dependencies = (
			);
			name = Git;
			productName = Git;
			productReference = A2E0CAC91C878E8D001E4042 /* Git.app */;
			productType = "com.apple.product-type.application";
		};
/* End PBXNativeTarget section */

/* Begin PBXProject section */
		A2E0CAC11C878E8D001E4042 /* Project object */ = {
			isa = PBXProject;
			attributes = {
				LastSwiftUpdateCheck = 0720;
				LastUpgradeCheck = 0720;
				ORGANIZATIONNAME = "Mateo Villgomez";
				TargetAttributes = {
					A2E0CAC81C878E8D001E4042 = {
						CreatedOnToolsVersion = 7.2.1;
						DevelopmentTeam = 58U777E9MW;
					};
				};
			};
			buildConfigurationList = A2E0CAC41C878E8D001E4042 /* Build configuration list for PBXProject "Git" */;
			compatibilityVersion = "Xcode 3.2";
			developmentRegion = English;
			hasScannedForEncodings = 0;
			knownRegions = (
				en,
				Base,
			);
			mainGroup = A2E0CAC01C878E8D001E4042;
			productRefGroup = A2E0CACA1C878E8D001E4042 /* Products */;
			projectDirPath = "";
			projectRoot = "";
			targets = (
				A2E0CAC81C878E8D001E4042 /* Git */,
			);
		};
/* End PBXProject section */

/* Begin PBXResourcesBuildPhase section */
		A2E0CAC71C878E8D001E4042 /* Resources */ = {
			isa = PBXResourcesBuildPhase;
			buildActionMask = 2147483647;
			files = (
				A2E0CAD71C878E8E001E4042 /* LaunchScreen.storyboard in Resources */,
				A2E0CAD41C878E8E001E4042 /* Assets.xcassets in Resources */,
				A2E0CAD21C878E8E001E4042 /* Main.storyboard in Resources */,
			);
			runOnlyForDeploymentPostprocessing = 0;
		};
/* End PBXResourcesBuildPhase section */

/* Begin PBXSourcesBuildPhase section */
		A2E0CAC51C878E8D001E4042 /* Sources */ = {
			isa = PBXSourcesBuildPhase;
			buildActionMask = 2147483647;
			files = (
				A2E0CACF1C878E8E001E4042 /* ViewController.swift in Sources */,
				A2E0CACD1C878E8E001E4042 /* AppDelegate.swift in Sources */,
			);
			runOnlyForDeploymentPostprocessing = 0;
		};
/* End PBXSourcesBuildPhase section */

/* Begin PBXVariantGroup section */
		A2E0CAD01C878E8E001E4042 /* Main.storyboard */ = {
			isa = PBXVariantGroup;
			children = (
				A2E0CAD11C878E8E001E4042 /* Base */,
			);
			name = Main.storyboard;
			sourceTree = "<group>";
		};
		A2E0CAD51C878E8E001E4042 /* LaunchScreen.storyboard */ = {
			isa = PBXVariantGroup;
			children = (
				A2E0CAD61C878E8E001E4042 /* Base */,
			);
			name = LaunchScreen.storyboard;
			sourceTree = "<group>";
		};
/* End PBXVariantGroup section */

/* Begin XCBuildConfiguration section */
		A2E0CAD91C878E8E001E4042 /* Debug */ = {
			isa = XCBuildConfiguration;
			buildSettings = {
				ALWAYS_SEARCH_USER_PATHS = NO;
				CLANG_CXX_LANGUAGE_STANDARD = "gnu++0x";
				CLANG_CXX_LIBRARY = "libc++";
				CLANG_ENABLE_MODULES = YES;
				CLANG_ENABLE_OBJC_ARC = YES;
				CLANG_WARN_BOOL_CONVERSION = YES;
				CLANG_WARN_CONSTANT_CONVERSION = YES;
				CLANG_WARN_DIRECT_OBJC_ISA_USAGE = YES_ERROR;
				CLANG_WARN_EMPTY_BODY = YES;
				CLANG_WARN_ENUM_CONVERSION = YES;
				CLANG_WARN_INT_CONVERSION = YES;
				CLANG_WARN_OBJC_ROOT_CLASS = YES_ERROR;
				CLANG_WARN_UNREACHABLE_CODE = YES;
				CLANG_WARN__DUPLICATE_METHOD_MATCH = YES;
				"CODE_SIGN_IDENTITY[sdk=iphoneos*]" = "iPhone Developer";
				COPY_PHASE_STRIP = NO;
				DEBUG_INFORMATION_FORMAT = dwarf;
				ENABLE_STRICT_OBJC_MSGSEND = YES;
				ENABLE_TESTABILITY = YES;
				GCC_C_LANGUAGE_STANDARD = gnu99;
				GCC_DYNAMIC_NO_PIC = NO;
				GCC_NO_COMMON_BLOCKS = YES;
				GCC_OPTIMIZATION_LEVEL = 0;
				GCC_PREPROCESSOR_DEFINITIONS = (
					"DEBUG=1",
					"$(inherited)",
				);
				GCC_WARN_64_TO_32_BIT_CONVERSION = YES;
				GCC_WARN_ABOUT_RETURN_TYPE = YES_ERROR;
				GCC_WARN_UNDECLARED_SELECTOR = YES;
				GCC_WARN_UNINITIALIZED_AUTOS = YES_AGGRESSIVE;
				GCC_WARN_UNUSED_FUNCTION = YES;
				GCC_WARN_UNUSED_VARIABLE = YES;
				IPHONEOS_DEPLOYMENT_TARGET = 9.2;
				MTL_ENABLE_DEBUG_INFO = YES;
				ONLY_ACTIVE_ARCH = YES;
				SDKROOT = iphoneos;
				SWIFT_OPTIMIZATION_LEVEL = "-Onone";
				TARGETED_DEVICE_FAMILY = "1,2";
			};
			name = Debug;
		};
		A2E0CADA1C878E8E001E4042 /* Release */ = {
			isa = XCBuildConfiguration;
			buildSettings = {
				ALWAYS_SEARCH_USER_PATHS = NO;
				CLANG_CXX_LANGUAGE_STANDARD = "gnu++0x";
				CLANG_CXX_LIBRARY = "libc++";
				CLANG_ENABLE_MODULES = YES;
				CLANG_ENABLE_OBJC_ARC = YES;
				CLANG_WARN_BOOL_CONVERSION = YES;
				CLANG_WARN_CONSTANT_CONVERSION = YES;
				CLANG_WARN_DIRECT_OBJC_ISA_USAGE = YES_ERROR;
				CLANG_WARN_EMPTY_BODY = YES;
				CLANG_WARN_ENUM_CONVERSION = YES;
				CLANG_WARN_INT_CONVERSION = YES;
				CLANG_WARN_OBJC_ROOT_CLASS = YES_ERROR;
				CLANG_WARN_UNREACHABLE_CODE = YES;
				CLANG_WARN__DUPLICATE_METHOD_MATCH = YES;
				"CODE_SIGN_IDENTITY[sdk=iphoneos*]" = "iPhone Developer";
				COPY_PHASE_STRIP = NO;
				DEBUG_INFORMATION_FORMAT = "dwarf-with-dsym";
				ENABLE_NS_ASSERTIONS = NO;
				ENABLE_STRICT_OBJC_MSGSEND = YES;
				GCC_C_LANGUAGE_STANDARD = gnu99;
				GCC_NO_COMMON_BLOCKS = YES;
				GCC_WARN_64_TO_32_BIT_CONVERSION = YES;
				GCC_WARN_ABOUT_RETURN_TYPE = YES_ERROR;
				GCC_WARN_UNDECLARED_SELECTOR = YES;
				GCC_WARN_UNINITIALIZED_AUTOS = YES_AGGRESSIVE;
				GCC_WARN_UNUSED_FUNCTION = YES;
				GCC_WARN_UNUSED_VARIABLE = YES;
				IPHONEOS_DEPLOYMENT_TARGET = 9.2;
				MTL_ENABLE_DEBUG_INFO = NO;
				SDKROOT = iphoneos;
				TARGETED_DEVICE_FAMILY = "1,2";
				VALIDATE_PRODUCT = YES;
			};
			name = Release;
		};
		A2E0CADC1C878E8E001E4042 /* Debug */ = {
			isa = XCBuildConfiguration;
			buildSettings = {
				ASSETCATALOG_COMPILER_APPICON_NAME = AppIcon;
				INFOPLIST_FILE = Git/Info.plist;
				LD_RUNPATH_SEARCH_PATHS = "$(inherited) @executable_path/Frameworks";
				PRODUCT_BUNDLE_IDENTIFIER = Maniapps.Git;
				PRODUCT_NAME = "$(TARGET_NAME)";
			};
			name = Debug;
		};
		A2E0CADD1C878E8E001E4042 /* Release */ = {
			isa = XCBuildConfiguration;
			buildSettings = {
				ASSETCATALOG_COMPILER_APPICON_NAME = AppIcon;
				INFOPLIST_FILE = Git/Info.plist;
				LD_RUNPATH_SEARCH_PATHS = "$(inherited) @executable_path/Frameworks";
				PRODUCT_BUNDLE_IDENTIFIER = Maniapps.Git;
				PRODUCT_NAME = "$(TARGET_NAME)";
			};
			name = Release;
		};
/* End XCBuildConfiguration section */

/* Begin XCConfigurationList section */
		A2E0CAC41C878E8D001E4042 /* Build configuration list for PBXProject "Git" */ = {
			isa = XCConfigurationList;
			buildConfigurations = (
				A2E0CAD91C878E8E001E4042 /* Debug */,
				A2E0CADA1C878E8E001E4042 /* Release */,
			);
			defaultConfigurationIsVisible = 0;
			defaultConfigurationName = Release;
		};
		A2E0CADB1C878E8E001E4042 /* Build configuration list for PBXNativeTarget "Git" */ = {
			isa = XCConfigurationList;
			buildConfigurations = (
				A2E0CADC1C878E8E001E4042 /* Debug */,
				A2E0CADD1C878E8E001E4042 /* Release */,
			);
			defaultConfigurationIsVisible = 0;
		};
/* End XCConfigurationList section */
	};
	rootObject = A2E0CAC11C878E8D001E4042 /* Project object */;
}
